
Microsoft Visual Studio Solution File, Format Version 12.00
# Visual Studio 14
VisualStudioVersion = 14.0.23107.0
MinimumVisualStudioVersion = 10.0.40219.1
Project("{FAE04EC0-301F-11D3-BF4B-00C04F79EFBC}") = "EICSystemTracker.Host", "EICSystemTracker.Host\EICSystemTracker.Host.csproj", "{744A07EC-F9D2-421A-A767-6704E073B8A3}"
EndProject
Project("{FAE04EC0-301F-11D3-BF4B-00C04F79EFBC}") = "EICSystemTracker.Web", "EICSystemTracker.Web\EICSystemTracker.Web.csproj", "{3DDBEDA2-2AAF-4A01-B0E0-162B8A22C980}"
EndProject
Project("{FAE04EC0-301F-11D3-BF4B-00C04F79EFBC}") = "EICSystemTracker.Contracts", "EICSystemTracker.Contracts\EICSystemTracker.Contracts.csproj", "{9579CD9E-B17F-4A51-9458-99EEAB06B025}"
EndProject
Project("{FAE04EC0-301F-11D3-BF4B-00C04F79EFBC}") = "EICSystemTracker.Data", "EICSystemTracker.Data\EICSystemTracker.Data.csproj", "{958BD696-F7C6-4C40-B758-472174D580FF}"
EndProject
Project("{FAE04EC0-301F-11D3-BF4B-00C04F79EFBC}") = "EICSystemTracker.Data.Tests", "EICSystemTracker.Data.Tests\EICSystemTracker.Data.Tests.csproj", "{F5A28F61-9858-4798-BCB0-01CE0BA6D176}"
EndProject
Project("{FAE04EC0-301F-11D3-BF4B-00C04F79EFBC}") = "EICSystemTracker.Service", "EICSystemTracker.Service\EICSystemTracker.Service.csproj", "{14EC8891-AEDD-419C-9BAA-4C4D012FB8C5}"
EndProject
Global
	GlobalSection(SolutionConfigurationPlatforms) = preSolution
		Debug|Any CPU = Debug|Any CPU
		Release|Any CPU = Release|Any CPU
	EndGlobalSection
	GlobalSection(ProjectConfigurationPlatforms) = postSolution
		{744A07EC-F9D2-421A-A767-6704E073B8A3}.Debug|Any CPU.ActiveCfg = Debug|Any CPU
		{744A07EC-F9D2-421A-A767-6704E073B8A3}.Debug|Any CPU.Build.0 = Debug|Any CPU
		{744A07EC-F9D2-421A-A767-6704E073B8A3}.Release|Any CPU.ActiveCfg = Release|Any CPU
		{744A07EC-F9D2-421A-A767-6704E073B8A3}.Release|Any CPU.Build.0 = Release|Any CPU
		{3DDBEDA2-2AAF-4A01-B0E0-162B8A22C980}.Debug|Any CPU.ActiveCfg = Debug|Any CPU
		{3DDBEDA2-2AAF-4A01-B0E0-162B8A22C980}.Debug|Any CPU.Build.0 = Debug|Any CPU
		{3DDBEDA2-2AAF-4A01-B0E0-162B8A22C980}.Release|Any CPU.ActiveCfg = Release|Any CPU
		{3DDBEDA2-2AAF-4A01-B0E0-162B8A22C980}.Release|Any CPU.Build.0 = Release|Any CPU
		{9579CD9E-B17F-4A51-9458-99EEAB06B025}.Debug|Any CPU.ActiveCfg = Debug|Any CPU
		{9579CD9E-B17F-4A51-9458-99EEAB06B025}.Debug|Any CPU.Build.0 = Debug|Any CPU
		{9579CD9E-B17F-4A51-9458-99EEAB06B025}.Release|Any CPU.ActiveCfg = Release|Any CPU
		{9579CD9E-B17F-4A51-9458-99EEAB06B025}.Release|Any CPU.Build.0 = Release|Any CPU
		{958BD696-F7C6-4C40-B758-472174D580FF}.Debug|Any CPU.ActiveCfg = Debug|Any CPU
		{958BD696-F7C6-4C40-B758-472174D580FF}.Debug|Any CPU.Build.0 = Debug|Any CPU
		{958BD696-F7C6-4C40-B758-472174D580FF}.Release|Any CPU.ActiveCfg = Release|Any CPU
		{958BD696-F7C6-4C40-B758-472174D580FF}.Release|Any CPU.Build.0 = Release|Any CPU
		{F5A28F61-9858-4798-BCB0-01CE0BA6D176}.Debug|Any CPU.ActiveCfg = Debug|Any CPU
		{F5A28F61-9858-4798-BCB0-01CE0BA6D176}.Debug|Any CPU.Build.0 = Debug|Any CPU
		{F5A28F61-9858-4798-BCB0-01CE0BA6D176}.Release|Any CPU.ActiveCfg = Release|Any CPU
		{F5A28F61-9858-4798-BCB0-01CE0BA6D176}.Release|Any CPU.Build.0 = Release|Any CPU
		{14EC8891-AEDD-419C-9BAA-4C4D012FB8C5}.Debug|Any CPU.ActiveCfg = Debug|Any CPU
		{14EC8891-AEDD-419C-9BAA-4C4D012FB8C5}.Debug|Any CPU.Build.0 = Debug|Any CPU
		{14EC8891-AEDD-419C-9BAA-4C4D012FB8C5}.Release|Any CPU.ActiveCfg = Release|Any CPU
		{14EC8891-AEDD-419C-9BAA-4C4D012FB8C5}.Release|Any CPU.Build.0 = Release|Any CPU
	EndGlobalSection
	GlobalSection(SolutionProperties) = preSolution
		HideSolutionNode = FALSE
	EndGlobalSection
EndGlobal
